// !$*UTF8*$!
{
	archiveVersion = 1;
	classes = {
	};
	objectVersion = 56;
	objects = {

/* Begin PBXBuildFile section */
		C70A1D9C2A631EB000BB9659 /* LoveCraneApp.swift in Sources */ = {isa = PBXBuildFile; fileRef = C70A1D9B2A631EB000BB9659 /* LoveCraneApp.swift */; };
		C70A1DA02A631EB100BB9659 /* Assets.xcassets in Resources */ = {isa = PBXBuildFile; fileRef = C70A1D9F2A631EB100BB9659 /* Assets.xcassets */; };
		C70A1DA32A631EB100BB9659 /* Preview Assets.xcassets in Resources */ = {isa = PBXBuildFile; fileRef = C70A1DA22A631EB100BB9659 /* Preview Assets.xcassets */; };
		C70A1DAB2A6323D500BB9659 /* Font.swift in Sources */ = {isa = PBXBuildFile; fileRef = C70A1DAA2A6323D500BB9659 /* Font.swift */; };
		C70A1DD12A6323F700BB9659 /* User.swift in Sources */ = {isa = PBXBuildFile; fileRef = C70A1DAD2A6323F700BB9659 /* User.swift */; };
		C70A1DD22A6323F700BB9659 /* FirebaseNetwork.swift in Sources */ = {isa = PBXBuildFile; fileRef = C70A1DAF2A6323F700BB9659 /* FirebaseNetwork.swift */; };
		C70A1DD32A6323F700BB9659 /* SampleManager.swift in Sources */ = {isa = PBXBuildFile; fileRef = C70A1DB12A6323F700BB9659 /* SampleManager.swift */; };
		C70A1DD42A6323F700BB9659 /* ReciveHistoryViewModel.swift in Sources */ = {isa = PBXBuildFile; fileRef = C70A1DB42A6323F700BB9659 /* ReciveHistoryViewModel.swift */; };
		C70A1DD52A6323F700BB9659 /* WirteHistoryViewModel.swift in Sources */ = {isa = PBXBuildFile; fileRef = C70A1DB62A6323F700BB9659 /* WirteHistoryViewModel.swift */; };
		C70A1DD62A6323F700BB9659 /* DetailViewModel.swift in Sources */ = {isa = PBXBuildFile; fileRef = C70A1DB82A6323F700BB9659 /* DetailViewModel.swift */; };
		C70A1DD72A6323F700BB9659 /* WriteViewModel.swift in Sources */ = {isa = PBXBuildFile; fileRef = C70A1DBA2A6323F700BB9659 /* WriteViewModel.swift */; };
		C70A1DD82A6323F700BB9659 /* SettingViewModel.swift in Sources */ = {isa = PBXBuildFile; fileRef = C70A1DBC2A6323F700BB9659 /* SettingViewModel.swift */; };
		C70A1DD92A6323F700BB9659 /* MainViewModel.swift in Sources */ = {isa = PBXBuildFile; fileRef = C70A1DBE2A6323F700BB9659 /* MainViewModel.swift */; };
		C70A1DDA2A6323F700BB9659 /* LoginViewModel.swift in Sources */ = {isa = PBXBuildFile; fileRef = C70A1DC02A6323F700BB9659 /* LoginViewModel.swift */; };
		C70A1DDB2A6323F700BB9659 /* WriteHistoryView.swift in Sources */ = {isa = PBXBuildFile; fileRef = C70A1DC32A6323F700BB9659 /* WriteHistoryView.swift */; };
		C70A1DDC2A6323F700BB9659 /* DetailView.swift in Sources */ = {isa = PBXBuildFile; fileRef = C70A1DC52A6323F700BB9659 /* DetailView.swift */; };
		C70A1DDD2A6323F700BB9659 /* WriteView.swift in Sources */ = {isa = PBXBuildFile; fileRef = C70A1DC72A6323F700BB9659 /* WriteView.swift */; };
		C70A1DDE2A6323F700BB9659 /* ReciveHistoryView.swift in Sources */ = {isa = PBXBuildFile; fileRef = C70A1DC92A6323F700BB9659 /* ReciveHistoryView.swift */; };
		C70A1DDF2A6323F700BB9659 /* SettingView.swift in Sources */ = {isa = PBXBuildFile; fileRef = C70A1DCB2A6323F700BB9659 /* SettingView.swift */; };
		C70A1DE02A6323F700BB9659 /* MainView.swift in Sources */ = {isa = PBXBuildFile; fileRef = C70A1DCD2A6323F700BB9659 /* MainView.swift */; };
		C70A1DE12A6323F700BB9659 /* ContentView.swift in Sources */ = {isa = PBXBuildFile; fileRef = C70A1DCE2A6323F700BB9659 /* ContentView.swift */; };
		C70A1DE22A6323F700BB9659 /* LoginView.swift in Sources */ = {isa = PBXBuildFile; fileRef = C70A1DD02A6323F700BB9659 /* LoginView.swift */; };
		C7A1B6742A65221000040C1C /* GoogleService-Info.plist in Resources */ = {isa = PBXBuildFile; fileRef = C7A1B6732A65221000040C1C /* GoogleService-Info.plist */; };
		C7A1B6772A6522E200040C1C /* FirebaseAuth in Frameworks */ = {isa = PBXBuildFile; productRef = C7A1B6762A6522E200040C1C /* FirebaseAuth */; };
		C7A1B6792A6522E200040C1C /* FirebaseFirestore in Frameworks */ = {isa = PBXBuildFile; productRef = C7A1B6782A6522E200040C1C /* FirebaseFirestore */; };
		C7A1B67B2A6522E200040C1C /* FirebaseFirestoreCombine-Community in Frameworks */ = {isa = PBXBuildFile; productRef = C7A1B67A2A6522E200040C1C /* FirebaseFirestoreCombine-Community */; };
		C7A1B67D2A6522E200040C1C /* FirebaseFirestoreSwift in Frameworks */ = {isa = PBXBuildFile; productRef = C7A1B67C2A6522E200040C1C /* FirebaseFirestoreSwift */; };
		C7A1B67F2A6522E200040C1C /* FirebaseStorage in Frameworks */ = {isa = PBXBuildFile; productRef = C7A1B67E2A6522E200040C1C /* FirebaseStorage */; };
		C7A1B6812A6522FC00040C1C /* AppDelegate.swift in Sources */ = {isa = PBXBuildFile; fileRef = C7A1B6802A6522FC00040C1C /* AppDelegate.swift */; };
/* End PBXBuildFile section */

/* Begin PBXFileReference section */
		C70A1D982A631EB000BB9659 /* LoveCrane.app */ = {isa = PBXFileReference; explicitFileType = wrapper.application; includeInIndex = 0; path = LoveCrane.app; sourceTree = BUILT_PRODUCTS_DIR; };
		C70A1D9B2A631EB000BB9659 /* LoveCraneApp.swift */ = {isa = PBXFileReference; lastKnownFileType = sourcecode.swift; path = LoveCraneApp.swift; sourceTree = "<group>"; };
		C70A1D9F2A631EB100BB9659 /* Assets.xcassets */ = {isa = PBXFileReference; lastKnownFileType = folder.assetcatalog; path = Assets.xcassets; sourceTree = "<group>"; };
		C70A1DA22A631EB100BB9659 /* Preview Assets.xcassets */ = {isa = PBXFileReference; lastKnownFileType = folder.assetcatalog; path = "Preview Assets.xcassets"; sourceTree = "<group>"; };
		C70A1DAA2A6323D500BB9659 /* Font.swift */ = {isa = PBXFileReference; fileEncoding = 4; lastKnownFileType = sourcecode.swift; path = Font.swift; sourceTree = "<group>"; };
		C70A1DAD2A6323F700BB9659 /* User.swift */ = {isa = PBXFileReference; fileEncoding = 4; lastKnownFileType = sourcecode.swift; path = User.swift; sourceTree = "<group>"; };
		C70A1DAF2A6323F700BB9659 /* FirebaseNetwork.swift */ = {isa = PBXFileReference; fileEncoding = 4; lastKnownFileType = sourcecode.swift; path = FirebaseNetwork.swift; sourceTree = "<group>"; };
		C70A1DB12A6323F700BB9659 /* SampleManager.swift */ = {isa = PBXFileReference; fileEncoding = 4; lastKnownFileType = sourcecode.swift; path = SampleManager.swift; sourceTree = "<group>"; };
		C70A1DB42A6323F700BB9659 /* ReciveHistoryViewModel.swift */ = {isa = PBXFileReference; fileEncoding = 4; lastKnownFileType = sourcecode.swift; path = ReciveHistoryViewModel.swift; sourceTree = "<group>"; };
		C70A1DB62A6323F700BB9659 /* WirteHistoryViewModel.swift */ = {isa = PBXFileReference; fileEncoding = 4; lastKnownFileType = sourcecode.swift; path = WirteHistoryViewModel.swift; sourceTree = "<group>"; };
		C70A1DB82A6323F700BB9659 /* DetailViewModel.swift */ = {isa = PBXFileReference; fileEncoding = 4; lastKnownFileType = sourcecode.swift; path = DetailViewModel.swift; sourceTree = "<group>"; };
		C70A1DBA2A6323F700BB9659 /* WriteViewModel.swift */ = {isa = PBXFileReference; fileEncoding = 4; lastKnownFileType = sourcecode.swift; path = WriteViewModel.swift; sourceTree = "<group>"; };
		C70A1DBC2A6323F700BB9659 /* SettingViewModel.swift */ = {isa = PBXFileReference; fileEncoding = 4; lastKnownFileType = sourcecode.swift; path = SettingViewModel.swift; sourceTree = "<group>"; };
		C70A1DBE2A6323F700BB9659 /* MainViewModel.swift */ = {isa = PBXFileReference; fileEncoding = 4; lastKnownFileType = sourcecode.swift; path = MainViewModel.swift; sourceTree = "<group>"; };
		C70A1DC02A6323F700BB9659 /* LoginViewModel.swift */ = {isa = PBXFileReference; fileEncoding = 4; lastKnownFileType = sourcecode.swift; path = LoginViewModel.swift; sourceTree = "<group>"; };
		C70A1DC32A6323F700BB9659 /* WriteHistoryView.swift */ = {isa = PBXFileReference; fileEncoding = 4; lastKnownFileType = sourcecode.swift; path = WriteHistoryView.swift; sourceTree = "<group>"; };
		C70A1DC52A6323F700BB9659 /* DetailView.swift */ = {isa = PBXFileReference; fileEncoding = 4; lastKnownFileType = sourcecode.swift; path = DetailView.swift; sourceTree = "<group>"; };
		C70A1DC72A6323F700BB9659 /* WriteView.swift */ = {isa = PBXFileReference; fileEncoding = 4; lastKnownFileType = sourcecode.swift; path = WriteView.swift; sourceTree = "<group>"; };
		C70A1DC92A6323F700BB9659 /* ReciveHistoryView.swift */ = {isa = PBXFileReference; fileEncoding = 4; lastKnownFileType = sourcecode.swift; path = ReciveHistoryView.swift; sourceTree = "<group>"; };
		C70A1DCB2A6323F700BB9659 /* SettingView.swift */ = {isa = PBXFileReference; fileEncoding = 4; lastKnownFileType = sourcecode.swift; path = SettingView.swift; sourceTree = "<group>"; };
		C70A1DCD2A6323F700BB9659 /* MainView.swift */ = {isa = PBXFileReference; fileEncoding = 4; lastKnownFileType = sourcecode.swift; path = MainView.swift; sourceTree = "<group>"; };
		C70A1DCE2A6323F700BB9659 /* ContentView.swift */ = {isa = PBXFileReference; fileEncoding = 4; lastKnownFileType = sourcecode.swift; path = ContentView.swift; sourceTree = "<group>"; };
		C70A1DD02A6323F700BB9659 /* LoginView.swift */ = {isa = PBXFileReference; fileEncoding = 4; lastKnownFileType = sourcecode.swift; path = LoginView.swift; sourceTree = "<group>"; };
		C7A1B6732A65221000040C1C /* GoogleService-Info.plist */ = {isa = PBXFileReference; fileEncoding = 4; lastKnownFileType = text.plist.xml; path = "GoogleService-Info.plist"; sourceTree = "<group>"; };
		C7A1B6802A6522FC00040C1C /* AppDelegate.swift */ = {isa = PBXFileReference; lastKnownFileType = sourcecode.swift; path = AppDelegate.swift; sourceTree = "<group>"; };
/* End PBXFileReference section */

/* Begin PBXFrameworksBuildPhase section */
		C70A1D952A631EB000BB9659 /* Frameworks */ = {
			isa = PBXFrameworksBuildPhase;
			buildActionMask = 2147483647;
			files = (
				C7A1B67B2A6522E200040C1C /* FirebaseFirestoreCombine-Community in Frameworks */,
				C7A1B6772A6522E200040C1C /* FirebaseAuth in Frameworks */,
				C7A1B6792A6522E200040C1C /* FirebaseFirestore in Frameworks */,
				C7A1B67F2A6522E200040C1C /* FirebaseStorage in Frameworks */,
				C7A1B67D2A6522E200040C1C /* FirebaseFirestoreSwift in Frameworks */,
			);
			runOnlyForDeploymentPostprocessing = 0;
		};
/* End PBXFrameworksBuildPhase section */

/* Begin PBXGroup section */
		C70A1D8F2A631EB000BB9659 = {
			isa = PBXGroup;
			children = (
				C70A1D9A2A631EB000BB9659 /* LoveCrane */,
				C70A1D992A631EB000BB9659 /* Products */,
			);
			sourceTree = "<group>";
		};
		C70A1D992A631EB000BB9659 /* Products */ = {
			isa = PBXGroup;
			children = (
				C70A1D982A631EB000BB9659 /* LoveCrane.app */,
			);
			name = Products;
			sourceTree = "<group>";
		};
		C70A1D9A2A631EB000BB9659 /* LoveCrane */ = {
			isa = PBXGroup;
			children = (
				C7A1B6732A65221000040C1C /* GoogleService-Info.plist */,
				C70A1DB02A6323F700BB9659 /* Manager */,
				C70A1DAC2A6323F700BB9659 /* Model */,
				C70A1DAE2A6323F700BB9659 /* Network */,
				C70A1DC12A6323F700BB9659 /* View */,
				C70A1DB22A6323F700BB9659 /* ViewModel */,
				C70A1DA92A6323D500BB9659 /* Common */,
				C70A1D9B2A631EB000BB9659 /* LoveCraneApp.swift */,
				C7A1B6802A6522FC00040C1C /* AppDelegate.swift */,
				C70A1D9F2A631EB100BB9659 /* Assets.xcassets */,
				C70A1DA12A631EB100BB9659 /* Preview Content */,
			);
			path = LoveCrane;
			sourceTree = "<group>";
		};
		C70A1DA12A631EB100BB9659 /* Preview Content */ = {
			isa = PBXGroup;
			children = (
				C70A1DA22A631EB100BB9659 /* Preview Assets.xcassets */,
			);
			path = "Preview Content";
			sourceTree = "<group>";
		};
		C70A1DA92A6323D500BB9659 /* Common */ = {
			isa = PBXGroup;
			children = (
				C70A1DAA2A6323D500BB9659 /* Font.swift */,
			);
			path = Common;
			sourceTree = "<group>";
		};
		C70A1DAC2A6323F700BB9659 /* Model */ = {
			isa = PBXGroup;
			children = (
				C70A1DAD2A6323F700BB9659 /* User.swift */,
			);
			path = Model;
			sourceTree = "<group>";
		};
		C70A1DAE2A6323F700BB9659 /* Network */ = {
			isa = PBXGroup;
			children = (
				C70A1DAF2A6323F700BB9659 /* FirebaseNetwork.swift */,
			);
			path = Network;
			sourceTree = "<group>";
		};
		C70A1DB02A6323F700BB9659 /* Manager */ = {
			isa = PBXGroup;
			children = (
				C70A1DB12A6323F700BB9659 /* SampleManager.swift */,
			);
			path = Manager;
			sourceTree = "<group>";
		};
		C70A1DB22A6323F700BB9659 /* ViewModel */ = {
			isa = PBXGroup;
			children = (
				C70A1DB32A6323F700BB9659 /* ReciveHistory */,
				C70A1DB52A6323F700BB9659 /* WriteHistory */,
				C70A1DB72A6323F700BB9659 /* DetailPage */,
				C70A1DB92A6323F700BB9659 /* WritePage */,
				C70A1DBB2A6323F700BB9659 /* Setting */,
				C70A1DBD2A6323F700BB9659 /* MainView */,
				C70A1DBF2A6323F700BB9659 /* LoginView */,
			);
			path = ViewModel;
			sourceTree = "<group>";
		};
		C70A1DB32A6323F700BB9659 /* ReciveHistory */ = {
			isa = PBXGroup;
			children = (
				C70A1DB42A6323F700BB9659 /* ReciveHistoryViewModel.swift */,
			);
			path = ReciveHistory;
			sourceTree = "<group>";
		};
		C70A1DB52A6323F700BB9659 /* WriteHistory */ = {
			isa = PBXGroup;
			children = (
				C70A1DB62A6323F700BB9659 /* WirteHistoryViewModel.swift */,
			);
			path = WriteHistory;
			sourceTree = "<group>";
		};
		C70A1DB72A6323F700BB9659 /* DetailPage */ = {
			isa = PBXGroup;
			children = (
				C70A1DB82A6323F700BB9659 /* DetailViewModel.swift */,
			);
			path = DetailPage;
			sourceTree = "<group>";
		};
		C70A1DB92A6323F700BB9659 /* WritePage */ = {
			isa = PBXGroup;
			children = (
				C70A1DBA2A6323F700BB9659 /* WriteViewModel.swift */,
			);
			path = WritePage;
			sourceTree = "<group>";
		};
		C70A1DBB2A6323F700BB9659 /* Setting */ = {
			isa = PBXGroup;
			children = (
				C70A1DBC2A6323F700BB9659 /* SettingViewModel.swift */,
			);
			path = Setting;
			sourceTree = "<group>";
		};
		C70A1DBD2A6323F700BB9659 /* MainView */ = {
			isa = PBXGroup;
			children = (
				C70A1DBE2A6323F700BB9659 /* MainViewModel.swift */,
			);
			path = MainView;
			sourceTree = "<group>";
		};
		C70A1DBF2A6323F700BB9659 /* LoginView */ = {
			isa = PBXGroup;
			children = (
				C70A1DC02A6323F700BB9659 /* LoginViewModel.swift */,
			);
			path = LoginView;
			sourceTree = "<group>";
		};
		C70A1DC12A6323F700BB9659 /* View */ = {
			isa = PBXGroup;
			children = (
				C70A1DC22A6323F700BB9659 /* WriteHistory */,
				C70A1DC42A6323F700BB9659 /* DetailPage */,
				C70A1DC62A6323F700BB9659 /* WritePage */,
				C70A1DC82A6323F700BB9659 /* ReceiveHistory */,
				C70A1DCA2A6323F700BB9659 /* Setting */,
				C70A1DCC2A6323F700BB9659 /* Main */,
				C70A1DCE2A6323F700BB9659 /* ContentView.swift */,
				C70A1DCF2A6323F700BB9659 /* Login */,
			);
			path = View;
			sourceTree = "<group>";
		};
		C70A1DC22A6323F700BB9659 /* WriteHistory */ = {
			isa = PBXGroup;
			children = (
				C70A1DC32A6323F700BB9659 /* WriteHistoryView.swift */,
			);
			path = WriteHistory;
			sourceTree = "<group>";
		};
		C70A1DC42A6323F700BB9659 /* DetailPage */ = {
			isa = PBXGroup;
			children = (
				C70A1DC52A6323F700BB9659 /* DetailView.swift */,
			);
			path = DetailPage;
			sourceTree = "<group>";
		};
		C70A1DC62A6323F700BB9659 /* WritePage */ = {
			isa = PBXGroup;
			children = (
				C70A1DC72A6323F700BB9659 /* WriteView.swift */,
			);
			path = WritePage;
			sourceTree = "<group>";
		};
		C70A1DC82A6323F700BB9659 /* ReceiveHistory */ = {
			isa = PBXGroup;
			children = (
				C70A1DC92A6323F700BB9659 /* ReciveHistoryView.swift */,
			);
			path = ReceiveHistory;
			sourceTree = "<group>";
		};
		C70A1DCA2A6323F700BB9659 /* Setting */ = {
			isa = PBXGroup;
			children = (
				C70A1DCB2A6323F700BB9659 /* SettingView.swift */,
			);
			path = Setting;
			sourceTree = "<group>";
		};
		C70A1DCC2A6323F700BB9659 /* Main */ = {
			isa = PBXGroup;
			children = (
				C70A1DCD2A6323F700BB9659 /* MainView.swift */,
			);
			path = Main;
			sourceTree = "<group>";
		};
		C70A1DCF2A6323F700BB9659 /* Login */ = {
			isa = PBXGroup;
			children = (
				C70A1DD02A6323F700BB9659 /* LoginView.swift */,
			);
			path = Login;
			sourceTree = "<group>";
		};
/* End PBXGroup section */

/* Begin PBXNativeTarget section */
		C70A1D972A631EB000BB9659 /* LoveCrane */ = {
			isa = PBXNativeTarget;
			buildConfigurationList = C70A1DA62A631EB100BB9659 /* Build configuration list for PBXNativeTarget "LoveCrane" */;
			buildPhases = (
				C70A1D942A631EB000BB9659 /* Sources */,
				C70A1D952A631EB000BB9659 /* Frameworks */,
				C70A1D962A631EB000BB9659 /* Resources */,
			);
			buildRules = (
			);
			dependencies = (
			);
			name = LoveCrane;
			packageProductDependencies = (
				C7A1B6762A6522E200040C1C /* FirebaseAuth */,
				C7A1B6782A6522E200040C1C /* FirebaseFirestore */,
				C7A1B67A2A6522E200040C1C /* FirebaseFirestoreCombine-Community */,
				C7A1B67C2A6522E200040C1C /* FirebaseFirestoreSwift */,
				C7A1B67E2A6522E200040C1C /* FirebaseStorage */,
			);
			productName = LoveCrane;
			productReference = C70A1D982A631EB000BB9659 /* LoveCrane.app */;
			productType = "com.apple.product-type.application";
		};
/* End PBXNativeTarget section */

/* Begin PBXProject section */
		C70A1D902A631EB000BB9659 /* Project object */ = {
			isa = PBXProject;
			attributes = {
				BuildIndependentTargetsInParallel = 1;
				LastSwiftUpdateCheck = 1430;
				LastUpgradeCheck = 1430;
				TargetAttributes = {
					C70A1D972A631EB000BB9659 = {
						CreatedOnToolsVersion = 14.3;
					};
				};
			};
			buildConfigurationList = C70A1D932A631EB000BB9659 /* Build configuration list for PBXProject "LoveCrane" */;
			compatibilityVersion = "Xcode 14.0";
			developmentRegion = en;
			hasScannedForEncodings = 0;
			knownRegions = (
				en,
				Base,
			);
			mainGroup = C70A1D8F2A631EB000BB9659;
			packageReferences = (
				C7A1B6752A6522E200040C1C /* XCRemoteSwiftPackageReference "firebase-ios-sdk" */,
			);
			productRefGroup = C70A1D992A631EB000BB9659 /* Products */;
			projectDirPath = "";
			projectRoot = "";
			targets = (
				C70A1D972A631EB000BB9659 /* LoveCrane */,
			);
		};
/* End PBXProject section */

/* Begin PBXResourcesBuildPhase section */
		C70A1D962A631EB000BB9659 /* Resources */ = {
			isa = PBXResourcesBuildPhase;
			buildActionMask = 2147483647;
			files = (
				C70A1DA32A631EB100BB9659 /* Preview Assets.xcassets in Resources */,
				C70A1DA02A631EB100BB9659 /* Assets.xcassets in Resources */,
				C7A1B6742A65221000040C1C /* GoogleService-Info.plist in Resources */,
			);
			runOnlyForDeploymentPostprocessing = 0;
		};
/* End PBXResourcesBuildPhase section */

/* Begin PBXSourcesBuildPhase section */
		C70A1D942A631EB000BB9659 /* Sources */ = {
			isa = PBXSourcesBuildPhase;
			buildActionMask = 2147483647;
			files = (
				C70A1DDD2A6323F700BB9659 /* WriteView.swift in Sources */,
				C70A1DD42A6323F700BB9659 /* ReciveHistoryViewModel.swift in Sources */,
				C70A1DDB2A6323F700BB9659 /* WriteHistoryView.swift in Sources */,
				C70A1DDF2A6323F700BB9659 /* SettingView.swift in Sources */,
				C70A1DD12A6323F700BB9659 /* User.swift in Sources */,
				C70A1DE02A6323F700BB9659 /* MainView.swift in Sources */,
				C70A1DE12A6323F700BB9659 /* ContentView.swift in Sources */,
				C70A1DD22A6323F700BB9659 /* FirebaseNetwork.swift in Sources */,
				C70A1DD62A6323F700BB9659 /* DetailViewModel.swift in Sources */,
				C70A1DD32A6323F700BB9659 /* SampleManager.swift in Sources */,
				C70A1DD72A6323F700BB9659 /* WriteViewModel.swift in Sources */,
				C70A1D9C2A631EB000BB9659 /* LoveCraneApp.swift in Sources */,
				C70A1DDA2A6323F700BB9659 /* LoginViewModel.swift in Sources */,
				C70A1DD82A6323F700BB9659 /* SettingViewModel.swift in Sources */,
				C70A1DE22A6323F700BB9659 /* LoginView.swift in Sources */,
				C70A1DAB2A6323D500BB9659 /* Font.swift in Sources */,
				C70A1DD52A6323F700BB9659 /* WirteHistoryViewModel.swift in Sources */,
				C70A1DDC2A6323F700BB9659 /* DetailView.swift in Sources */,
				C7A1B6812A6522FC00040C1C /* AppDelegate.swift in Sources */,
				C70A1DDE2A6323F700BB9659 /* ReciveHistoryView.swift in Sources */,
				C70A1DD92A6323F700BB9659 /* MainViewModel.swift in Sources */,
			);
			runOnlyForDeploymentPostprocessing = 0;
		};
/* End PBXSourcesBuildPhase section */

/* Begin XCBuildConfiguration section */
		C70A1DA42A631EB100BB9659 /* Debug */ = {
			isa = XCBuildConfiguration;
			buildSettings = {
				ALWAYS_SEARCH_USER_PATHS = NO;
				CLANG_ANALYZER_NONNULL = YES;
				CLANG_ANALYZER_NUMBER_OBJECT_CONVERSION = YES_AGGRESSIVE;
				CLANG_CXX_LANGUAGE_STANDARD = "gnu++20";
				CLANG_ENABLE_MODULES = YES;
				CLANG_ENABLE_OBJC_ARC = YES;
				CLANG_ENABLE_OBJC_WEAK = YES;
				CLANG_WARN_BLOCK_CAPTURE_AUTORELEASING = YES;
				CLANG_WARN_BOOL_CONVERSION = YES;
				CLANG_WARN_COMMA = YES;
				CLANG_WARN_CONSTANT_CONVERSION = YES;
				CLANG_WARN_DEPRECATED_OBJC_IMPLEMENTATIONS = YES;
				CLANG_WARN_DIRECT_OBJC_ISA_USAGE = YES_ERROR;
				CLANG_WARN_DOCUMENTATION_COMMENTS = YES;
				CLANG_WARN_EMPTY_BODY = YES;
				CLANG_WARN_ENUM_CONVERSION = YES;
				CLANG_WARN_INFINITE_RECURSION = YES;
				CLANG_WARN_INT_CONVERSION = YES;
				CLANG_WARN_NON_LITERAL_NULL_CONVERSION = YES;
				CLANG_WARN_OBJC_IMPLICIT_RETAIN_SELF = YES;
				CLANG_WARN_OBJC_LITERAL_CONVERSION = YES;
				CLANG_WARN_OBJC_ROOT_CLASS = YES_ERROR;
				CLANG_WARN_QUOTED_INCLUDE_IN_FRAMEWORK_HEADER = YES;
				CLANG_WARN_RANGE_LOOP_ANALYSIS = YES;
				CLANG_WARN_STRICT_PROTOTYPES = YES;
				CLANG_WARN_SUSPICIOUS_MOVE = YES;
				CLANG_WARN_UNGUARDED_AVAILABILITY = YES_AGGRESSIVE;
				CLANG_WARN_UNREACHABLE_CODE = YES;
				CLANG_WARN__DUPLICATE_METHOD_MATCH = YES;
				COPY_PHASE_STRIP = NO;
				DEBUG_INFORMATION_FORMAT = dwarf;
				ENABLE_STRICT_OBJC_MSGSEND = YES;
				ENABLE_TESTABILITY = YES;
				GCC_C_LANGUAGE_STANDARD = gnu11;
				GCC_DYNAMIC_NO_PIC = NO;
				GCC_NO_COMMON_BLOCKS = YES;
				GCC_OPTIMIZATION_LEVEL = 0;
				GCC_PREPROCESSOR_DEFINITIONS = (
					"DEBUG=1",
					"$(inherited)",
				);
				GCC_WARN_64_TO_32_BIT_CONVERSION = YES;
				GCC_WARN_ABOUT_RETURN_TYPE = YES_ERROR;
				GCC_WARN_UNDECLARED_SELECTOR = YES;
				GCC_WARN_UNINITIALIZED_AUTOS = YES_AGGRESSIVE;
				GCC_WARN_UNUSED_FUNCTION = YES;
				GCC_WARN_UNUSED_VARIABLE = YES;
				IPHONEOS_DEPLOYMENT_TARGET = 16.4;
				MTL_ENABLE_DEBUG_INFO = INCLUDE_SOURCE;
				MTL_FAST_MATH = YES;
				ONLY_ACTIVE_ARCH = YES;
				SDKROOT = iphoneos;
				SWIFT_ACTIVE_COMPILATION_CONDITIONS = DEBUG;
				SWIFT_OPTIMIZATION_LEVEL = "-Onone";
			};
			name = Debug;
		};
		C70A1DA52A631EB100BB9659 /* Release */ = {
			isa = XCBuildConfiguration;
			buildSettings = {
				ALWAYS_SEARCH_USER_PATHS = NO;
				CLANG_ANALYZER_NONNULL = YES;
				CLANG_ANALYZER_NUMBER_OBJECT_CONVERSION = YES_AGGRESSIVE;
				CLANG_CXX_LANGUAGE_STANDARD = "gnu++20";
				CLANG_ENABLE_MODULES = YES;
				CLANG_ENABLE_OBJC_ARC = YES;
				CLANG_ENABLE_OBJC_WEAK = YES;
				CLANG_WARN_BLOCK_CAPTURE_AUTORELEASING = YES;
				CLANG_WARN_BOOL_CONVERSION = YES;
				CLANG_WARN_COMMA = YES;
				CLANG_WARN_CONSTANT_CONVERSION = YES;
				CLANG_WARN_DEPRECATED_OBJC_IMPLEMENTATIONS = YES;
				CLANG_WARN_DIRECT_OBJC_ISA_USAGE = YES_ERROR;
				CLANG_WARN_DOCUMENTATION_COMMENTS = YES;
				CLANG_WARN_EMPTY_BODY = YES;
				CLANG_WARN_ENUM_CONVERSION = YES;
				CLANG_WARN_INFINITE_RECURSION = YES;
				CLANG_WARN_INT_CONVERSION = YES;
				CLANG_WARN_NON_LITERAL_NULL_CONVERSION = YES;
				CLANG_WARN_OBJC_IMPLICIT_RETAIN_SELF = YES;
				CLANG_WARN_OBJC_LITERAL_CONVERSION = YES;
				CLANG_WARN_OBJC_ROOT_CLASS = YES_ERROR;
				CLANG_WARN_QUOTED_INCLUDE_IN_FRAMEWORK_HEADER = YES;
				CLANG_WARN_RANGE_LOOP_ANALYSIS = YES;
				CLANG_WARN_STRICT_PROTOTYPES = YES;
				CLANG_WARN_SUSPICIOUS_MOVE = YES;
				CLANG_WARN_UNGUARDED_AVAILABILITY = YES_AGGRESSIVE;
				CLANG_WARN_UNREACHABLE_CODE = YES;
				CLANG_WARN__DUPLICATE_METHOD_MATCH = YES;
				COPY_PHASE_STRIP = NO;
				DEBUG_INFORMATION_FORMAT = "dwarf-with-dsym";
				ENABLE_NS_ASSERTIONS = NO;
				ENABLE_STRICT_OBJC_MSGSEND = YES;
				GCC_C_LANGUAGE_STANDARD = gnu11;
				GCC_NO_COMMON_BLOCKS = YES;
				GCC_WARN_64_TO_32_BIT_CONVERSION = YES;
				GCC_WARN_ABOUT_RETURN_TYPE = YES_ERROR;
				GCC_WARN_UNDECLARED_SELECTOR = YES;
				GCC_WARN_UNINITIALIZED_AUTOS = YES_AGGRESSIVE;
				GCC_WARN_UNUSED_FUNCTION = YES;
				GCC_WARN_UNUSED_VARIABLE = YES;
				IPHONEOS_DEPLOYMENT_TARGET = 16.4;
				MTL_ENABLE_DEBUG_INFO = NO;
				MTL_FAST_MATH = YES;
				SDKROOT = iphoneos;
				SWIFT_COMPILATION_MODE = wholemodule;
				SWIFT_OPTIMIZATION_LEVEL = "-O";
				VALIDATE_PRODUCT = YES;
			};
			name = Release;
		};
		C70A1DA72A631EB100BB9659 /* Debug */ = {
			isa = XCBuildConfiguration;
			buildSettings = {
				ASSETCATALOG_COMPILER_APPICON_NAME = AppIcon;
				ASSETCATALOG_COMPILER_GLOBAL_ACCENT_COLOR_NAME = AccentColor;
				CODE_SIGN_STYLE = Automatic;
				CURRENT_PROJECT_VERSION = 1;
				DEVELOPMENT_ASSET_PATHS = "\"LoveCrane/Preview Content\"";
				DEVELOPMENT_TEAM = NG2NLR2Z86;
				ENABLE_PREVIEWS = YES;
				GENERATE_INFOPLIST_FILE = YES;
				INFOPLIST_KEY_UIApplicationSceneManifest_Generation = YES;
				INFOPLIST_KEY_UIApplicationSupportsIndirectInputEvents = YES;
				INFOPLIST_KEY_UILaunchScreen_Generation = YES;
				INFOPLIST_KEY_UISupportedInterfaceOrientations_iPad = "UIInterfaceOrientationPortrait UIInterfaceOrientationPortraitUpsideDown UIInterfaceOrientationLandscapeLeft UIInterfaceOrientationLandscapeRight";
				INFOPLIST_KEY_UISupportedInterfaceOrientations_iPhone = "UIInterfaceOrientationPortrait UIInterfaceOrientationLandscapeLeft UIInterfaceOrientationLandscapeRight";
				LD_RUNPATH_SEARCH_PATHS = (
					"$(inherited)",
					"@executable_path/Frameworks",
				);
				MARKETING_VERSION = 1.0;
				PRODUCT_BUNDLE_IDENTIFIER = MutekiNoIdoruPricura.LoveCrane;
				PRODUCT_NAME = "$(TARGET_NAME)";
				SWIFT_EMIT_LOC_STRINGS = YES;
				SWIFT_VERSION = 5.0;
				TARGETED_DEVICE_FAMILY = "1,2";
			};
			name = Debug;
		};
		C70A1DA82A631EB100BB9659 /* Release */ = {
			isa = XCBuildConfiguration;
			buildSettings = {
				ASSETCATALOG_COMPILER_APPICON_NAME = AppIcon;
				ASSETCATALOG_COMPILER_GLOBAL_ACCENT_COLOR_NAME = AccentColor;
				CODE_SIGN_STYLE = Automatic;
				CURRENT_PROJECT_VERSION = 1;
				DEVELOPMENT_ASSET_PATHS = "\"LoveCrane/Preview Content\"";
				DEVELOPMENT_TEAM = NG2NLR2Z86;
				ENABLE_PREVIEWS = YES;
				GENERATE_INFOPLIST_FILE = YES;
				INFOPLIST_KEY_UIApplicationSceneManifest_Generation = YES;
				INFOPLIST_KEY_UIApplicationSupportsIndirectInputEvents = YES;
				INFOPLIST_KEY_UILaunchScreen_Generation = YES;
				INFOPLIST_KEY_UISupportedInterfaceOrientations_iPad = "UIInterfaceOrientationPortrait UIInterfaceOrientationPortraitUpsideDown UIInterfaceOrientationLandscapeLeft UIInterfaceOrientationLandscapeRight";
				INFOPLIST_KEY_UISupportedInterfaceOrientations_iPhone = "UIInterfaceOrientationPortrait UIInterfaceOrientationLandscapeLeft UIInterfaceOrientationLandscapeRight";
				LD_RUNPATH_SEARCH_PATHS = (
					"$(inherited)",
					"@executable_path/Frameworks",
				);
				MARKETING_VERSION = 1.0;
				PRODUCT_BUNDLE_IDENTIFIER = MutekiNoIdoruPricura.LoveCrane;
				PRODUCT_NAME = "$(TARGET_NAME)";
				SWIFT_EMIT_LOC_STRINGS = YES;
				SWIFT_VERSION = 5.0;
				TARGETED_DEVICE_FAMILY = "1,2";
			};
			name = Release;
		};
/* End XCBuildConfiguration section */

/* Begin XCConfigurationList section */
		C70A1D932A631EB000BB9659 /* Build configuration list for PBXProject "LoveCrane" */ = {
			isa = XCConfigurationList;
			buildConfigurations = (
				C70A1DA42A631EB100BB9659 /* Debug */,
				C70A1DA52A631EB100BB9659 /* Release */,
			);
			defaultConfigurationIsVisible = 0;
			defaultConfigurationName = Release;
		};
		C70A1DA62A631EB100BB9659 /* Build configuration list for PBXNativeTarget "LoveCrane" */ = {
			isa = XCConfigurationList;
			buildConfigurations = (
				C70A1DA72A631EB100BB9659 /* Debug */,
				C70A1DA82A631EB100BB9659 /* Release */,
			);
			defaultConfigurationIsVisible = 0;
			defaultConfigurationName = Release;
		};
/* End XCConfigurationList section */

/* Begin XCRemoteSwiftPackageReference section */
		C7A1B6752A6522E200040C1C /* XCRemoteSwiftPackageReference "firebase-ios-sdk" */ = {
			isa = XCRemoteSwiftPackageReference;
			repositoryURL = "https://github.com/firebase/firebase-ios-sdk";
			requirement = {
				kind = upToNextMajorVersion;
				minimumVersion = 10.0.0;
			};
		};
/* End XCRemoteSwiftPackageReference section */

/* Begin XCSwiftPackageProductDependency section */
		C7A1B6762A6522E200040C1C /* FirebaseAuth */ = {
			isa = XCSwiftPackageProductDependency;
			package = C7A1B6752A6522E200040C1C /* XCRemoteSwiftPackageReference "firebase-ios-sdk" */;
			productName = FirebaseAuth;
		};
		C7A1B6782A6522E200040C1C /* FirebaseFirestore */ = {
			isa = XCSwiftPackageProductDependency;
			package = C7A1B6752A6522E200040C1C /* XCRemoteSwiftPackageReference "firebase-ios-sdk" */;
			productName = FirebaseFirestore;
		};
		C7A1B67A2A6522E200040C1C /* FirebaseFirestoreCombine-Community */ = {
			isa = XCSwiftPackageProductDependency;
			package = C7A1B6752A6522E200040C1C /* XCRemoteSwiftPackageReference "firebase-ios-sdk" */;
			productName = "FirebaseFirestoreCombine-Community";
		};
		C7A1B67C2A6522E200040C1C /* FirebaseFirestoreSwift */ = {
			isa = XCSwiftPackageProductDependency;
			package = C7A1B6752A6522E200040C1C /* XCRemoteSwiftPackageReference "firebase-ios-sdk" */;
			productName = FirebaseFirestoreSwift;
		};
		C7A1B67E2A6522E200040C1C /* FirebaseStorage */ = {
			isa = XCSwiftPackageProductDependency;
			package = C7A1B6752A6522E200040C1C /* XCRemoteSwiftPackageReference "firebase-ios-sdk" */;
			productName = FirebaseStorage;
		};
/* End XCSwiftPackageProductDependency section */
	};
	rootObject = C70A1D902A631EB000BB9659 /* Project object */;
}
